
Microsoft Visual Studio Solution File, Format Version 12.00
# Visual Studio Version 17
VisualStudioVersion = 17.5.33424.131
MinimumVisualStudioVersion = 10.0.40219.1
Project("{FAE04EC0-301F-11D3-BF4B-00C04F79EFBC}") = "Blazor", "Blazor\Blazor.csproj", "{F6B300D4-AD39-4642-A56E-CAB243DA5D7F}"
EndProject
Project("{FAE04EC0-301F-11D3-BF4B-00C04F79EFBC}") = "Modelos", "Modelos\Modelos.csproj", "{8391050C-DD11-4A7B-8359-A5C8B90E686E}"
EndProject
Project("{FAE04EC0-301F-11D3-BF4B-00C04F79EFBC}") = "Datos", "Datos\Datos.csproj", "{1541CC33-B200-4A5D-A580-FC621780957D}"
EndProject
Global
	GlobalSection(SolutionConfigurationPlatforms) = preSolution
		Debug|Any CPU = Debug|Any CPU
		Release|Any CPU = Release|Any CPU
	EndGlobalSection
	GlobalSection(ProjectConfigurationPlatforms) = postSolution
		{F6B300D4-AD39-4642-A56E-CAB243DA5D7F}.Debug|Any CPU.ActiveCfg = Debug|Any CPU
		{F6B300D4-AD39-4642-A56E-CAB243DA5D7F}.Debug|Any CPU.Build.0 = Debug|Any CPU
		{F6B300D4-AD39-4642-A56E-CAB243DA5D7F}.Release|Any CPU.ActiveCfg = Release|Any CPU
		{F6B300D4-AD39-4642-A56E-CAB243DA5D7F}.Release|Any CPU.Build.0 = Release|Any CPU
		{8391050C-DD11-4A7B-8359-A5C8B90E686E}.Debug|Any CPU.ActiveCfg = Debug|Any CPU
		{8391050C-DD11-4A7B-8359-A5C8B90E686E}.Debug|Any CPU.Build.0 = Debug|Any CPU
		{8391050C-DD11-4A7B-8359-A5C8B90E686E}.Release|Any CPU.ActiveCfg = Release|Any CPU
		{8391050C-DD11-4A7B-8359-A5C8B90E686E}.Release|Any CPU.Build.0 = Release|Any CPU
		{1541CC33-B200-4A5D-A580-FC621780957D}.Debug|Any CPU.ActiveCfg = Debug|Any CPU
		{1541CC33-B200-4A5D-A580-FC621780957D}.Debug|Any CPU.Build.0 = Debug|Any CPU
		{1541CC33-B200-4A5D-A580-FC621780957D}.Release|Any CPU.ActiveCfg = Release|Any CPU
		{1541CC33-B200-4A5D-A580-FC621780957D}.Release|Any CPU.Build.0 = Release|Any CPU
	EndGlobalSection
	GlobalSection(SolutionProperties) = preSolution
		HideSolutionNode = FALSE
	EndGlobalSection
	GlobalSection(ExtensibilityGlobals) = postSolution
		SolutionGuid = {CE248ECA-4B96-4818-8483-3485205B8412}
	EndGlobalSection
EndGlobal
